
Microsoft Visual Studio Solution File, Format Version 12.00
# Visual Studio Version 16
VisualStudioVersion = 16.0.29021.104
MinimumVisualStudioVersion = 10.0.40219.1
Project("{9A19103F-16F7-4668-BE54-9A1E7A4F7556}") = "Blazor.SEO.Schema", "Blazor.SEO.Schema.csproj", "{2046D344-BA10-4AF4-93B1-262EDBDD261F}"
EndProject
Project("{9A19103F-16F7-4668-BE54-9A1E7A4F7556}") = "Tests", "..\Tests\Tests.csproj", "{32E439B0-3B1A-4F2E-AD86-42C955F995C1}"
EndProject
Global
	GlobalSection(SolutionConfigurationPlatforms) = preSolution
		Debug|Any CPU = Debug|Any CPU
		Release|Any CPU = Release|Any CPU
	EndGlobalSection
	GlobalSection(ProjectConfigurationPlatforms) = postSolution
		{2046D344-BA10-4AF4-93B1-262EDBDD261F}.Debug|Any CPU.ActiveCfg = Debug|Any CPU
		{2046D344-BA10-4AF4-93B1-262EDBDD261F}.Debug|Any CPU.Build.0 = Debug|Any CPU
		{2046D344-BA10-4AF4-93B1-262EDBDD261F}.Release|Any CPU.ActiveCfg = Release|Any CPU
		{2046D344-BA10-4AF4-93B1-262EDBDD261F}.Release|Any CPU.Build.0 = Release|Any CPU
		{32E439B0-3B1A-4F2E-AD86-42C955F995C1}.Debug|Any CPU.ActiveCfg = Debug|Any CPU
		{32E439B0-3B1A-4F2E-AD86-42C955F995C1}.Debug|Any CPU.Build.0 = Debug|Any CPU
		{32E439B0-3B1A-4F2E-AD86-42C955F995C1}.Release|Any CPU.ActiveCfg = Release|Any CPU
		{32E439B0-3B1A-4F2E-AD86-42C955F995C1}.Release|Any CPU.Build.0 = Release|Any CPU
	EndGlobalSection
	GlobalSection(SolutionProperties) = preSolution
		HideSolutionNode = FALSE
	EndGlobalSection
	GlobalSection(ExtensibilityGlobals) = postSolution
		SolutionGuid = {B02525F1-8E52-4F85-8009-C9281A8A5EC8}
	EndGlobalSection
EndGlobal
